// !$*UTF8*$!
{
	archiveVersion = 1;
	classes = {
	};
	objectVersion = 46;
	objects = {

/* Begin PBXBuildFile section */
		2463FE4416C7D4FD0094A7A7 /* DCTStringToNumberValueTransformer.h in CopyFiles */ = {isa = PBXBuildFile; fileRef = 24B0AAC01650E566005D0D60 /* DCTStringToNumberValueTransformer.h */; };
		2463FE4516C7D4FD0094A7A7 /* DCTNumberToStringValueTransformer.h in CopyFiles */ = {isa = PBXBuildFile; fileRef = 24B0AAC31650E578005D0D60 /* DCTNumberToStringValueTransformer.h */; };
		2463FE4616C7D4FD0094A7A7 /* DCTISO8601ToDateValueTransformer.h in CopyFiles */ = {isa = PBXBuildFile; fileRef = 24B0AAC61650E597005D0D60 /* DCTISO8601ToDateValueTransformer.h */; };
		2463FE4716C7D4FD0094A7A7 /* DCTTimeIntervalSince1970ToDateValueTransformer.h in CopyFiles */ = {isa = PBXBuildFile; fileRef = 24B0AAC91650E5E1005D0D60 /* DCTTimeIntervalSince1970ToDateValueTransformer.h */; };
		2463FE4816C7D4FD0094A7A7 /* NSValueTransformer+DCTValueTransformers.h in CopyFiles */ = {isa = PBXBuildFile; fileRef = 24B0AACC1650E6B9005D0D60 /* NSValueTransformer+DCTValueTransformers.h */; };
		246E12CF19A93FBA00780D49 /* DCTStringToNumberValueTransformer.m in Sources */ = {isa = PBXBuildFile; fileRef = 24B0AAC11650E566005D0D60 /* DCTStringToNumberValueTransformer.m */; };
		246E12D019A93FBA00780D49 /* DCTArrayToStringValueTransformer.m in Sources */ = {isa = PBXBuildFile; fileRef = 24C54C5B16BFFD9D00E0ACA6 /* DCTArrayToStringValueTransformer.m */; };
		246E12D119A93FBA00780D49 /* DCTNumberToStringValueTransformer.m in Sources */ = {isa = PBXBuildFile; fileRef = 24B0AAC41650E578005D0D60 /* DCTNumberToStringValueTransformer.m */; };
		246E12D219A93FBA00780D49 /* DCTISO8601ToDateValueTransformer.m in Sources */ = {isa = PBXBuildFile; fileRef = 24B0AAC71650E597005D0D60 /* DCTISO8601ToDateValueTransformer.m */; };
		246E12D319A93FBA00780D49 /* DCTTimeIntervalSince1970ToDateValueTransformer.m in Sources */ = {isa = PBXBuildFile; fileRef = 24B0AACA1650E5E1005D0D60 /* DCTTimeIntervalSince1970ToDateValueTransformer.m */; };
		246E12D419A93FBA00780D49 /* NSValueTransformer+DCTValueTransformers.m in Sources */ = {isa = PBXBuildFile; fileRef = 24B0AACD1650E6B9005D0D60 /* NSValueTransformer+DCTValueTransformers.m */; };
		246E12D519A93FBA00780D49 /* ISO8601DateFormatter.m in Sources */ = {isa = PBXBuildFile; fileRef = 246F9A191738EA750045C5C3 /* ISO8601DateFormatter.m */; settings = {COMPILER_FLAGS = "-fno-objc-arc -Wno-direct-ivar-access -Wno-auto-import -Wno-undef -Wno-deprecated-declarations -Wno-assign-enum -Wno-cast-align -Wno-covered-switch-default -Wno-conditional-uninitialized -Wno-nullable-to-nonnull-conversion"; }; };
		246E12D619A93FC600780D49 /* DCTValueTransformers.h in Headers */ = {isa = PBXBuildFile; fileRef = 24B0AAB71650E524005D0D60 /* DCTValueTransformers.h */; settings = {ATTRIBUTES = (Public, ); }; };
		246E12D719A93FC600780D49 /* DCTStringToNumberValueTransformer.h in Headers */ = {isa = PBXBuildFile; fileRef = 24B0AAC01650E566005D0D60 /* DCTStringToNumberValueTransformer.h */; settings = {ATTRIBUTES = (Public, ); }; };
		246E12D819A93FC600780D49 /* DCTArrayToStringValueTransformer.h in Headers */ = {isa = PBXBuildFile; fileRef = 24C54C5A16BFFD9D00E0ACA6 /* DCTArrayToStringValueTransformer.h */; settings = {ATTRIBUTES = (Public, ); }; };
		246E12D919A93FC600780D49 /* DCTNumberToStringValueTransformer.h in Headers */ = {isa = PBXBuildFile; fileRef = 24B0AAC31650E578005D0D60 /* DCTNumberToStringValueTransformer.h */; settings = {ATTRIBUTES = (Public, ); }; };
		246E12DA19A93FC600780D49 /* DCTISO8601ToDateValueTransformer.h in Headers */ = {isa = PBXBuildFile; fileRef = 24B0AAC61650E597005D0D60 /* DCTISO8601ToDateValueTransformer.h */; settings = {ATTRIBUTES = (Public, ); }; };
		246E12DB19A93FC600780D49 /* DCTTimeIntervalSince1970ToDateValueTransformer.h in Headers */ = {isa = PBXBuildFile; fileRef = 24B0AAC91650E5E1005D0D60 /* DCTTimeIntervalSince1970ToDateValueTransformer.h */; settings = {ATTRIBUTES = (Public, ); }; };
		246E12DC19A93FC600780D49 /* NSValueTransformer+DCTValueTransformers.h in Headers */ = {isa = PBXBuildFile; fileRef = 24B0AACC1650E6B9005D0D60 /* NSValueTransformer+DCTValueTransformers.h */; settings = {ATTRIBUTES = (Public, ); }; };
		246E12DD19A93FC600780D49 /* ISO8601DateFormatter.h in Headers */ = {isa = PBXBuildFile; fileRef = 246F9A181738EA750045C5C3 /* ISO8601DateFormatter.h */; };
		246E12DE19A93FE800780D49 /* DCTValueTransformers.h in Headers */ = {isa = PBXBuildFile; fileRef = 24B0AAB71650E524005D0D60 /* DCTValueTransformers.h */; settings = {ATTRIBUTES = (Public, ); }; };
		246E12DF19A93FE800780D49 /* DCTStringToNumberValueTransformer.h in Headers */ = {isa = PBXBuildFile; fileRef = 24B0AAC01650E566005D0D60 /* DCTStringToNumberValueTransformer.h */; settings = {ATTRIBUTES = (Public, ); }; };
		246E12E019A93FE800780D49 /* DCTArrayToStringValueTransformer.h in Headers */ = {isa = PBXBuildFile; fileRef = 24C54C5A16BFFD9D00E0ACA6 /* DCTArrayToStringValueTransformer.h */; settings = {ATTRIBUTES = (Public, ); }; };
		246E12E119A93FE800780D49 /* DCTNumberToStringValueTransformer.h in Headers */ = {isa = PBXBuildFile; fileRef = 24B0AAC31650E578005D0D60 /* DCTNumberToStringValueTransformer.h */; settings = {ATTRIBUTES = (Public, ); }; };
		246E12E219A93FE800780D49 /* DCTISO8601ToDateValueTransformer.h in Headers */ = {isa = PBXBuildFile; fileRef = 24B0AAC61650E597005D0D60 /* DCTISO8601ToDateValueTransformer.h */; settings = {ATTRIBUTES = (Public, ); }; };
		246E12E319A93FE800780D49 /* DCTTimeIntervalSince1970ToDateValueTransformer.h in Headers */ = {isa = PBXBuildFile; fileRef = 24B0AAC91650E5E1005D0D60 /* DCTTimeIntervalSince1970ToDateValueTransformer.h */; settings = {ATTRIBUTES = (Public, ); }; };
		246E12E419A93FE900780D49 /* NSValueTransformer+DCTValueTransformers.h in Headers */ = {isa = PBXBuildFile; fileRef = 24B0AACC1650E6B9005D0D60 /* NSValueTransformer+DCTValueTransformers.h */; settings = {ATTRIBUTES = (Public, ); }; };
		246E12E519A93FE900780D49 /* ISO8601DateFormatter.h in Headers */ = {isa = PBXBuildFile; fileRef = 246F9A181738EA750045C5C3 /* ISO8601DateFormatter.h */; };
		246E12E619A93FF400780D49 /* DCTStringToNumberValueTransformer.m in Sources */ = {isa = PBXBuildFile; fileRef = 24B0AAC11650E566005D0D60 /* DCTStringToNumberValueTransformer.m */; };
		246E12E719A93FF400780D49 /* DCTArrayToStringValueTransformer.m in Sources */ = {isa = PBXBuildFile; fileRef = 24C54C5B16BFFD9D00E0ACA6 /* DCTArrayToStringValueTransformer.m */; };
		246E12E819A93FF400780D49 /* DCTNumberToStringValueTransformer.m in Sources */ = {isa = PBXBuildFile; fileRef = 24B0AAC41650E578005D0D60 /* DCTNumberToStringValueTransformer.m */; };
		246E12E919A93FF400780D49 /* DCTISO8601ToDateValueTransformer.m in Sources */ = {isa = PBXBuildFile; fileRef = 24B0AAC71650E597005D0D60 /* DCTISO8601ToDateValueTransformer.m */; };
		246E12EA19A93FF400780D49 /* DCTTimeIntervalSince1970ToDateValueTransformer.m in Sources */ = {isa = PBXBuildFile; fileRef = 24B0AACA1650E5E1005D0D60 /* DCTTimeIntervalSince1970ToDateValueTransformer.m */; };
		246E12EB19A93FF400780D49 /* NSValueTransformer+DCTValueTransformers.m in Sources */ = {isa = PBXBuildFile; fileRef = 24B0AACD1650E6B9005D0D60 /* NSValueTransformer+DCTValueTransformers.m */; };
		246E12EC19A93FF400780D49 /* ISO8601DateFormatter.m in Sources */ = {isa = PBXBuildFile; fileRef = 246F9A191738EA750045C5C3 /* ISO8601DateFormatter.m */; settings = {COMPILER_FLAGS = "-fno-objc-arc -Wno-direct-ivar-access -Wno-auto-import -Wno-undef -Wno-deprecated-declarations -Wno-assign-enum -Wno-cast-align -Wno-covered-switch-default -Wno-conditional-uninitialized -Wno-nullable-to-nonnull-conversion"; }; };
		246F9A1A1738EA750045C5C3 /* ISO8601DateFormatter.m in Sources */ = {isa = PBXBuildFile; fileRef = 246F9A191738EA750045C5C3 /* ISO8601DateFormatter.m */; settings = {COMPILER_FLAGS = "-fno-objc-arc"; }; };
		246F9A1D1738EAC80045C5C3 /* ISO8601DateFormatter.h in CopyFiles */ = {isa = PBXBuildFile; fileRef = 246F9A181738EA750045C5C3 /* ISO8601DateFormatter.h */; };
		2473F34B1BC869800075EA00 /* DCTStringToNumberValueTransformer.m in Sources */ = {isa = PBXBuildFile; fileRef = 24B0AAC11650E566005D0D60 /* DCTStringToNumberValueTransformer.m */; };
		2473F34C1BC869800075EA00 /* DCTArrayToStringValueTransformer.m in Sources */ = {isa = PBXBuildFile; fileRef = 24C54C5B16BFFD9D00E0ACA6 /* DCTArrayToStringValueTransformer.m */; };
		2473F34D1BC869800075EA00 /* DCTNumberToStringValueTransformer.m in Sources */ = {isa = PBXBuildFile; fileRef = 24B0AAC41650E578005D0D60 /* DCTNumberToStringValueTransformer.m */; };
		2473F34E1BC869800075EA00 /* DCTColorValueTransformer.m in Sources */ = {isa = PBXBuildFile; fileRef = 24F16B411B4FD29500F0589B /* DCTColorValueTransformer.m */; };
		2473F34F1BC869800075EA00 /* DCTISO8601ToDateValueTransformer.m in Sources */ = {isa = PBXBuildFile; fileRef = 24B0AAC71650E597005D0D60 /* DCTISO8601ToDateValueTransformer.m */; };
		2473F3501BC869800075EA00 /* DCTTimeIntervalSince1970ToDateValueTransformer.m in Sources */ = {isa = PBXBuildFile; fileRef = 24B0AACA1650E5E1005D0D60 /* DCTTimeIntervalSince1970ToDateValueTransformer.m */; };
		2473F3511BC869800075EA00 /* NSValueTransformer+DCTValueTransformers.m in Sources */ = {isa = PBXBuildFile; fileRef = 24B0AACD1650E6B9005D0D60 /* NSValueTransformer+DCTValueTransformers.m */; };
		2473F3521BC869800075EA00 /* DCTBooleanNotValueTransformer.m in Sources */ = {isa = PBXBuildFile; fileRef = 24F16B391B4FCD6E00F0589B /* DCTBooleanNotValueTransformer.m */; };
		2473F3531BC869800075EA00 /* ISO8601DateFormatter.m in Sources */ = {isa = PBXBuildFile; fileRef = 246F9A191738EA750045C5C3 /* ISO8601DateFormatter.m */; settings = {COMPILER_FLAGS = "-fno-objc-arc -Wno-direct-ivar-access -Wno-auto-import -Wno-undef -Wno-deprecated-declarations -Wno-assign-enum -Wno-cast-align -Wno-covered-switch-default -Wno-conditional-uninitialized -Wno-nullable-to-nonnull-conversion"; }; };
		2473F3561BC869800075EA00 /* DCTValueTransformers.h in Headers */ = {isa = PBXBuildFile; fileRef = 24B0AAB71650E524005D0D60 /* DCTValueTransformers.h */; settings = {ATTRIBUTES = (Public, ); }; };
		2473F3571BC869800075EA00 /* DCTStringToNumberValueTransformer.h in Headers */ = {isa = PBXBuildFile; fileRef = 24B0AAC01650E566005D0D60 /* DCTStringToNumberValueTransformer.h */; settings = {ATTRIBUTES = (Public, ); }; };
		2473F3581BC869800075EA00 /* DCTArrayToStringValueTransformer.h in Headers */ = {isa = PBXBuildFile; fileRef = 24C54C5A16BFFD9D00E0ACA6 /* DCTArrayToStringValueTransformer.h */; settings = {ATTRIBUTES = (Public, ); }; };
		2473F3591BC869800075EA00 /* DCTColorValueTransformer.h in Headers */ = {isa = PBXBuildFile; fileRef = 24F16B401B4FD29500F0589B /* DCTColorValueTransformer.h */; settings = {ATTRIBUTES = (Public, ); }; };
		2473F35A1BC869800075EA00 /* DCTNumberToStringValueTransformer.h in Headers */ = {isa = PBXBuildFile; fileRef = 24B0AAC31650E578005D0D60 /* DCTNumberToStringValueTransformer.h */; settings = {ATTRIBUTES = (Public, ); }; };
		2473F35B1BC869800075EA00 /* DCTISO8601ToDateValueTransformer.h in Headers */ = {isa = PBXBuildFile; fileRef = 24B0AAC61650E597005D0D60 /* DCTISO8601ToDateValueTransformer.h */; settings = {ATTRIBUTES = (Public, ); }; };
		2473F35C1BC869800075EA00 /* DCTBooleanNotValueTransformer.h in Headers */ = {isa = PBXBuildFile; fileRef = 24F16B381B4FCD6E00F0589B /* DCTBooleanNotValueTransformer.h */; settings = {ATTRIBUTES = (Public, ); }; };
		2473F35D1BC869800075EA00 /* DCTTimeIntervalSince1970ToDateValueTransformer.h in Headers */ = {isa = PBXBuildFile; fileRef = 24B0AAC91650E5E1005D0D60 /* DCTTimeIntervalSince1970ToDateValueTransformer.h */; settings = {ATTRIBUTES = (Public, ); }; };
		2473F35E1BC869800075EA00 /* NSValueTransformer+DCTValueTransformers.h in Headers */ = {isa = PBXBuildFile; fileRef = 24B0AACC1650E6B9005D0D60 /* NSValueTransformer+DCTValueTransformers.h */; settings = {ATTRIBUTES = (Public, ); }; };
		2473F35F1BC869800075EA00 /* ISO8601DateFormatter.h in Headers */ = {isa = PBXBuildFile; fileRef = 246F9A181738EA750045C5C3 /* ISO8601DateFormatter.h */; };
		24B0AAB81650E524005D0D60 /* DCTValueTransformers.h in CopyFiles */ = {isa = PBXBuildFile; fileRef = 24B0AAB71650E524005D0D60 /* DCTValueTransformers.h */; };
		24B0AAC21650E566005D0D60 /* DCTStringToNumberValueTransformer.m in Sources */ = {isa = PBXBuildFile; fileRef = 24B0AAC11650E566005D0D60 /* DCTStringToNumberValueTransformer.m */; };
		24B0AAC51650E578005D0D60 /* DCTNumberToStringValueTransformer.m in Sources */ = {isa = PBXBuildFile; fileRef = 24B0AAC41650E578005D0D60 /* DCTNumberToStringValueTransformer.m */; };
		24B0AAC81650E597005D0D60 /* DCTISO8601ToDateValueTransformer.m in Sources */ = {isa = PBXBuildFile; fileRef = 24B0AAC71650E597005D0D60 /* DCTISO8601ToDateValueTransformer.m */; };
		24B0AACB1650E5E1005D0D60 /* DCTTimeIntervalSince1970ToDateValueTransformer.m in Sources */ = {isa = PBXBuildFile; fileRef = 24B0AACA1650E5E1005D0D60 /* DCTTimeIntervalSince1970ToDateValueTransformer.m */; };
		24B0AACE1650E6B9005D0D60 /* NSValueTransformer+DCTValueTransformers.m in Sources */ = {isa = PBXBuildFile; fileRef = 24B0AACD1650E6B9005D0D60 /* NSValueTransformer+DCTValueTransformers.m */; };
		24C54C5C16BFFD9D00E0ACA6 /* DCTArrayToStringValueTransformer.m in Sources */ = {isa = PBXBuildFile; fileRef = 24C54C5B16BFFD9D00E0ACA6 /* DCTArrayToStringValueTransformer.m */; };
		24C54C5E16BFFE1400E0ACA6 /* DCTArrayToStringValueTransformer.h in CopyFiles */ = {isa = PBXBuildFile; fileRef = 24C54C5A16BFFD9D00E0ACA6 /* DCTArrayToStringValueTransformer.h */; };
		24F16B3A1B4FCD6E00F0589B /* DCTBooleanNotValueTransformer.h in Headers */ = {isa = PBXBuildFile; fileRef = 24F16B381B4FCD6E00F0589B /* DCTBooleanNotValueTransformer.h */; settings = {ATTRIBUTES = (Public, ); }; };
		24F16B3B1B4FCD6E00F0589B /* DCTBooleanNotValueTransformer.h in Headers */ = {isa = PBXBuildFile; fileRef = 24F16B381B4FCD6E00F0589B /* DCTBooleanNotValueTransformer.h */; settings = {ATTRIBUTES = (Public, ); }; };
		24F16B3C1B4FCD6E00F0589B /* DCTBooleanNotValueTransformer.m in Sources */ = {isa = PBXBuildFile; fileRef = 24F16B391B4FCD6E00F0589B /* DCTBooleanNotValueTransformer.m */; };
		24F16B3D1B4FCD6E00F0589B /* DCTBooleanNotValueTransformer.m in Sources */ = {isa = PBXBuildFile; fileRef = 24F16B391B4FCD6E00F0589B /* DCTBooleanNotValueTransformer.m */; };
		24F16B3E1B4FCD6E00F0589B /* DCTBooleanNotValueTransformer.m in Sources */ = {isa = PBXBuildFile; fileRef = 24F16B391B4FCD6E00F0589B /* DCTBooleanNotValueTransformer.m */; };
		24F16B421B4FD29500F0589B /* DCTColorValueTransformer.h in Headers */ = {isa = PBXBuildFile; fileRef = 24F16B401B4FD29500F0589B /* DCTColorValueTransformer.h */; settings = {ATTRIBUTES = (Public, ); }; };
		24F16B431B4FD29500F0589B /* DCTColorValueTransformer.h in Headers */ = {isa = PBXBuildFile; fileRef = 24F16B401B4FD29500F0589B /* DCTColorValueTransformer.h */; settings = {ATTRIBUTES = (Public, ); }; };
		24F16B441B4FD29500F0589B /* DCTColorValueTransformer.m in Sources */ = {isa = PBXBuildFile; fileRef = 24F16B411B4FD29500F0589B /* DCTColorValueTransformer.m */; };
		24F16B451B4FD29500F0589B /* DCTColorValueTransformer.m in Sources */ = {isa = PBXBuildFile; fileRef = 24F16B411B4FD29500F0589B /* DCTColorValueTransformer.m */; };
		24F16B461B4FD29500F0589B /* DCTColorValueTransformer.m in Sources */ = {isa = PBXBuildFile; fileRef = 24F16B411B4FD29500F0589B /* DCTColorValueTransformer.m */; };
		24F16B471B4FD2DF00F0589B /* DCTColorValueTransformer.h in CopyFiles */ = {isa = PBXBuildFile; fileRef = 24F16B401B4FD29500F0589B /* DCTColorValueTransformer.h */; };
		24F16B481B4FD2E200F0589B /* DCTBooleanNotValueTransformer.h in CopyFiles */ = {isa = PBXBuildFile; fileRef = 24F16B381B4FCD6E00F0589B /* DCTBooleanNotValueTransformer.h */; };
/* End PBXBuildFile section */

/* Begin PBXCopyFilesBuildPhase section */
		246F9A1C1738EABB0045C5C3 /* CopyFiles */ = {
			isa = PBXCopyFilesBuildPhase;
			buildActionMask = 2147483647;
			dstPath = include/ISO8601DateFormatter;
			dstSubfolderSpec = 16;
			files = (
				246F9A1D1738EAC80045C5C3 /* ISO8601DateFormatter.h in CopyFiles */,
			);
			runOnlyForDeploymentPostprocessing = 0;
		};
		24B0AAAD1650E524005D0D60 /* CopyFiles */ = {
			isa = PBXCopyFilesBuildPhase;
			buildActionMask = 2147483647;
			dstPath = "include/${PRODUCT_NAME}";
			dstSubfolderSpec = 16;
			files = (
				2463FE4416C7D4FD0094A7A7 /* DCTStringToNumberValueTransformer.h in CopyFiles */,
				2463FE4516C7D4FD0094A7A7 /* DCTNumberToStringValueTransformer.h in CopyFiles */,
				2463FE4616C7D4FD0094A7A7 /* DCTISO8601ToDateValueTransformer.h in CopyFiles */,
				2463FE4716C7D4FD0094A7A7 /* DCTTimeIntervalSince1970ToDateValueTransformer.h in CopyFiles */,
				24F16B471B4FD2DF00F0589B /* DCTColorValueTransformer.h in CopyFiles */,
				24F16B481B4FD2E200F0589B /* DCTBooleanNotValueTransformer.h in CopyFiles */,
				2463FE4816C7D4FD0094A7A7 /* NSValueTransformer+DCTValueTransformers.h in CopyFiles */,
				24C54C5E16BFFE1400E0ACA6 /* DCTArrayToStringValueTransformer.h in CopyFiles */,
				24B0AAB81650E524005D0D60 /* DCTValueTransformers.h in CopyFiles */,
			);
			runOnlyForDeploymentPostprocessing = 0;
		};
/* End PBXCopyFilesBuildPhase section */

/* Begin PBXFileReference section */
		246E129019A93EDD00780D49 /* Debug.xcconfig */ = {isa = PBXFileReference; lastKnownFileType = text.xcconfig; path = Debug.xcconfig; sourceTree = "<group>"; };
		246E129119A93EDD00780D49 /* iOS Application.xcconfig */ = {isa = PBXFileReference; lastKnownFileType = text.xcconfig; path = "iOS Application.xcconfig"; sourceTree = "<group>"; };
		246E129219A93EDD00780D49 /* iOS Bundle.xcconfig */ = {isa = PBXFileReference; lastKnownFileType = text.xcconfig; path = "iOS Bundle.xcconfig"; sourceTree = "<group>"; };
		246E129319A93EDD00780D49 /* iOS Framework.xcconfig */ = {isa = PBXFileReference; lastKnownFileType = text.xcconfig; path = "iOS Framework.xcconfig"; sourceTree = "<group>"; };
		246E129419A93EDD00780D49 /* iOS Static Library.xcconfig */ = {isa = PBXFileReference; lastKnownFileType = text.xcconfig; path = "iOS Static Library.xcconfig"; sourceTree = "<group>"; };
		246E129519A93EDD00780D49 /* iOS Tests.xcconfig */ = {isa = PBXFileReference; lastKnownFileType = text.xcconfig; path = "iOS Tests.xcconfig"; sourceTree = "<group>"; };
		246E129619A93EDD00780D49 /* OS X Framework.xcconfig */ = {isa = PBXFileReference; lastKnownFileType = text.xcconfig; path = "OS X Framework.xcconfig"; sourceTree = "<group>"; };
		246E129719A93EDD00780D49 /* Release.xcconfig */ = {isa = PBXFileReference; lastKnownFileType = text.xcconfig; path = Release.xcconfig; sourceTree = "<group>"; };
		246E129819A93EDD00780D49 /* Shared.xcconfig */ = {isa = PBXFileReference; lastKnownFileType = text.xcconfig; path = Shared.xcconfig; sourceTree = "<group>"; };
		246E129E19A93F4600780D49 /* DCTValueTransformers.framework */ = {isa = PBXFileReference; explicitFileType = wrapper.framework; includeInIndex = 0; path = DCTValueTransformers.framework; sourceTree = BUILT_PRODUCTS_DIR; };
		246E12B919A93F6200780D49 /* DCTValueTransformers.framework */ = {isa = PBXFileReference; explicitFileType = wrapper.framework; includeInIndex = 0; path = DCTValueTransformers.framework; sourceTree = BUILT_PRODUCTS_DIR; };
		246E12ED19A9401100780D49 /* Info.plist */ = {isa = PBXFileReference; lastKnownFileType = text.plist.xml; path = Info.plist; sourceTree = "<group>"; };
		246F9A181738EA750045C5C3 /* ISO8601DateFormatter.h */ = {isa = PBXFileReference; fileEncoding = 4; lastKnownFileType = sourcecode.c.h; name = ISO8601DateFormatter.h; path = ISO8601DateFormatter/ISO8601DateFormatter.h; sourceTree = SOURCE_ROOT; };
		246F9A191738EA750045C5C3 /* ISO8601DateFormatter.m */ = {isa = PBXFileReference; fileEncoding = 4; lastKnownFileType = sourcecode.c.objc; name = ISO8601DateFormatter.m; path = ISO8601DateFormatter/ISO8601DateFormatter.m; sourceTree = SOURCE_ROOT; };
		2473F3641BC869800075EA00 /* DCTValueTransformers.framework */ = {isa = PBXFileReference; explicitFileType = wrapper.framework; includeInIndex = 0; path = DCTValueTransformers.framework; sourceTree = BUILT_PRODUCTS_DIR; };
		2473F3651BC869B20075EA00 /* tvOS Application.xcconfig */ = {isa = PBXFileReference; lastKnownFileType = text.xcconfig; path = "tvOS Application.xcconfig"; sourceTree = "<group>"; };
		2473F3661BC869B20075EA00 /* tvOS Framework.xcconfig */ = {isa = PBXFileReference; lastKnownFileType = text.xcconfig; path = "tvOS Framework.xcconfig"; sourceTree = "<group>"; };
		2473F3671BC869B20075EA00 /* tvOS Tests.xcconfig */ = {isa = PBXFileReference; lastKnownFileType = text.xcconfig; path = "tvOS Tests.xcconfig"; sourceTree = "<group>"; };
		24B0AAAF1650E524005D0D60 /* libDCTValueTransformers.a */ = {isa = PBXFileReference; explicitFileType = archive.ar; includeInIndex = 0; path = libDCTValueTransformers.a; sourceTree = BUILT_PRODUCTS_DIR; };
		24B0AAB71650E524005D0D60 /* DCTValueTransformers.h */ = {isa = PBXFileReference; lastKnownFileType = sourcecode.c.h; path = DCTValueTransformers.h; sourceTree = "<group>"; };
		24B0AAC01650E566005D0D60 /* DCTStringToNumberValueTransformer.h */ = {isa = PBXFileReference; fileEncoding = 4; lastKnownFileType = sourcecode.c.h; path = DCTStringToNumberValueTransformer.h; sourceTree = "<group>"; };
		24B0AAC11650E566005D0D60 /* DCTStringToNumberValueTransformer.m */ = {isa = PBXFileReference; fileEncoding = 4; lastKnownFileType = sourcecode.c.objc; path = DCTStringToNumberValueTransformer.m; sourceTree = "<group>"; };
		24B0AAC31650E578005D0D60 /* DCTNumberToStringValueTransformer.h */ = {isa = PBXFileReference; fileEncoding = 4; lastKnownFileType = sourcecode.c.h; path = DCTNumberToStringValueTransformer.h; sourceTree = "<group>"; };
		24B0AAC41650E578005D0D60 /* DCTNumberToStringValueTransformer.m */ = {isa = PBXFileReference; fileEncoding = 4; lastKnownFileType = sourcecode.c.objc; path = DCTNumberToStringValueTransformer.m; sourceTree = "<group>"; };
		24B0AAC61650E597005D0D60 /* DCTISO8601ToDateValueTransformer.h */ = {isa = PBXFileReference; fileEncoding = 4; lastKnownFileType = sourcecode.c.h; path = DCTISO8601ToDateValueTransformer.h; sourceTree = "<group>"; };
		24B0AAC71650E597005D0D60 /* DCTISO8601ToDateValueTransformer.m */ = {isa = PBXFileReference; fileEncoding = 4; lastKnownFileType = sourcecode.c.objc; path = DCTISO8601ToDateValueTransformer.m; sourceTree = "<group>"; };
		24B0AAC91650E5E1005D0D60 /* DCTTimeIntervalSince1970ToDateValueTransformer.h */ = {isa = PBXFileReference; fileEncoding = 4; lastKnownFileType = sourcecode.c.h; path = DCTTimeIntervalSince1970ToDateValueTransformer.h; sourceTree = "<group>"; };
		24B0AACA1650E5E1005D0D60 /* DCTTimeIntervalSince1970ToDateValueTransformer.m */ = {isa = PBXFileReference; fileEncoding = 4; lastKnownFileType = sourcecode.c.objc; path = DCTTimeIntervalSince1970ToDateValueTransformer.m; sourceTree = "<group>"; };
		24B0AACC1650E6B9005D0D60 /* NSValueTransformer+DCTValueTransformers.h */ = {isa = PBXFileReference; fileEncoding = 4; lastKnownFileType = sourcecode.c.h; path = "NSValueTransformer+DCTValueTransformers.h"; sourceTree = "<group>"; };
		24B0AACD1650E6B9005D0D60 /* NSValueTransformer+DCTValueTransformers.m */ = {isa = PBXFileReference; fileEncoding = 4; lastKnownFileType = sourcecode.c.objc; path = "NSValueTransformer+DCTValueTransformers.m"; sourceTree = "<group>"; };
		24C54C5A16BFFD9D00E0ACA6 /* DCTArrayToStringValueTransformer.h */ = {isa = PBXFileReference; fileEncoding = 4; lastKnownFileType = sourcecode.c.h; path = DCTArrayToStringValueTransformer.h; sourceTree = "<group>"; };
		24C54C5B16BFFD9D00E0ACA6 /* DCTArrayToStringValueTransformer.m */ = {isa = PBXFileReference; fileEncoding = 4; lastKnownFileType = sourcecode.c.objc; path = DCTArrayToStringValueTransformer.m; sourceTree = "<group>"; };
		24F16B381B4FCD6E00F0589B /* DCTBooleanNotValueTransformer.h */ = {isa = PBXFileReference; fileEncoding = 4; lastKnownFileType = sourcecode.c.h; path = DCTBooleanNotValueTransformer.h; sourceTree = "<group>"; };
		24F16B391B4FCD6E00F0589B /* DCTBooleanNotValueTransformer.m */ = {isa = PBXFileReference; fileEncoding = 4; lastKnownFileType = sourcecode.c.objc; path = DCTBooleanNotValueTransformer.m; sourceTree = "<group>"; };
		24F16B401B4FD29500F0589B /* DCTColorValueTransformer.h */ = {isa = PBXFileReference; fileEncoding = 4; lastKnownFileType = sourcecode.c.h; path = DCTColorValueTransformer.h; sourceTree = "<group>"; };
		24F16B411B4FD29500F0589B /* DCTColorValueTransformer.m */ = {isa = PBXFileReference; fileEncoding = 4; lastKnownFileType = sourcecode.c.objc; path = DCTColorValueTransformer.m; sourceTree = "<group>"; };
/* End PBXFileReference section */

/* Begin PBXFrameworksBuildPhase section */
		246E129A19A93F4600780D49 /* Frameworks */ = {
			isa = PBXFrameworksBuildPhase;
			buildActionMask = 2147483647;
			files = (
			);
			runOnlyForDeploymentPostprocessing = 0;
		};
		246E12B519A93F6200780D49 /* Frameworks */ = {
			isa = PBXFrameworksBuildPhase;
			buildActionMask = 2147483647;
			files = (
			);
			runOnlyForDeploymentPostprocessing = 0;
		};
		2473F3541BC869800075EA00 /* Frameworks */ = {
			isa = PBXFrameworksBuildPhase;
			buildActionMask = 2147483647;
			files = (
			);
			runOnlyForDeploymentPostprocessing = 0;
		};
		24B0AAAC1650E524005D0D60 /* Frameworks */ = {
			isa = PBXFrameworksBuildPhase;
			buildActionMask = 2147483647;
			files = (
			);
			runOnlyForDeploymentPostprocessing = 0;
		};
/* End PBXFrameworksBuildPhase section */

/* Begin PBXGroup section */
		246E128F19A93EDD00780D49 /* Configurations */ = {
			isa = PBXGroup;
			children = (
				246E129019A93EDD00780D49 /* Debug.xcconfig */,
				246E129119A93EDD00780D49 /* iOS Application.xcconfig */,
				246E129219A93EDD00780D49 /* iOS Bundle.xcconfig */,
				246E129319A93EDD00780D49 /* iOS Framework.xcconfig */,
				246E129419A93EDD00780D49 /* iOS Static Library.xcconfig */,
				246E129519A93EDD00780D49 /* iOS Tests.xcconfig */,
				246E129619A93EDD00780D49 /* OS X Framework.xcconfig */,
				246E129719A93EDD00780D49 /* Release.xcconfig */,
				246E129819A93EDD00780D49 /* Shared.xcconfig */,
				2473F3651BC869B20075EA00 /* tvOS Application.xcconfig */,
				2473F3661BC869B20075EA00 /* tvOS Framework.xcconfig */,
				2473F3671BC869B20075EA00 /* tvOS Tests.xcconfig */,
			);
			path = Configurations;
			sourceTree = "<group>";
		};
		24B0AAA41650E524005D0D60 = {
			isa = PBXGroup;
			children = (
				24B0AAB41650E524005D0D60 /* DCTValueTransformers */,
				246E128F19A93EDD00780D49 /* Configurations */,
				24B0AAB01650E524005D0D60 /* Products */,
			);
			sourceTree = "<group>";
		};
		24B0AAB01650E524005D0D60 /* Products */ = {
			isa = PBXGroup;
			children = (
				24B0AAAF1650E524005D0D60 /* libDCTValueTransformers.a */,
				246E129E19A93F4600780D49 /* DCTValueTransformers.framework */,
				246E12B919A93F6200780D49 /* DCTValueTransformers.framework */,
				2473F3641BC869800075EA00 /* DCTValueTransformers.framework */,
			);
			name = Products;
			sourceTree = "<group>";
		};
		24B0AAB41650E524005D0D60 /* DCTValueTransformers */ = {
			isa = PBXGroup;
			children = (
				24B0AAB71650E524005D0D60 /* DCTValueTransformers.h */,
				24B0AAC01650E566005D0D60 /* DCTStringToNumberValueTransformer.h */,
				24B0AAC11650E566005D0D60 /* DCTStringToNumberValueTransformer.m */,
				24C54C5A16BFFD9D00E0ACA6 /* DCTArrayToStringValueTransformer.h */,
				24C54C5B16BFFD9D00E0ACA6 /* DCTArrayToStringValueTransformer.m */,
				24F16B381B4FCD6E00F0589B /* DCTBooleanNotValueTransformer.h */,
				24F16B391B4FCD6E00F0589B /* DCTBooleanNotValueTransformer.m */,
				24F16B401B4FD29500F0589B /* DCTColorValueTransformer.h */,
				24F16B411B4FD29500F0589B /* DCTColorValueTransformer.m */,
				24B0AAC31650E578005D0D60 /* DCTNumberToStringValueTransformer.h */,
				24B0AAC41650E578005D0D60 /* DCTNumberToStringValueTransformer.m */,
				24B0AAC61650E597005D0D60 /* DCTISO8601ToDateValueTransformer.h */,
				24B0AAC71650E597005D0D60 /* DCTISO8601ToDateValueTransformer.m */,
				24B0AAC91650E5E1005D0D60 /* DCTTimeIntervalSince1970ToDateValueTransformer.h */,
				24B0AACA1650E5E1005D0D60 /* DCTTimeIntervalSince1970ToDateValueTransformer.m */,
				24B0AACC1650E6B9005D0D60 /* NSValueTransformer+DCTValueTransformers.h */,
				24B0AACD1650E6B9005D0D60 /* NSValueTransformer+DCTValueTransformers.m */,
				246F9A181738EA750045C5C3 /* ISO8601DateFormatter.h */,
				246F9A191738EA750045C5C3 /* ISO8601DateFormatter.m */,
				246E12ED19A9401100780D49 /* Info.plist */,
			);
			path = DCTValueTransformers;
			sourceTree = "<group>";
		};
/* End PBXGroup section */

/* Begin PBXHeadersBuildPhase section */
		246E129B19A93F4600780D49 /* Headers */ = {
			isa = PBXHeadersBuildPhase;
			buildActionMask = 2147483647;
			files = (
				246E12DE19A93FE800780D49 /* DCTValueTransformers.h in Headers */,
				246E12DF19A93FE800780D49 /* DCTStringToNumberValueTransformer.h in Headers */,
				246E12E019A93FE800780D49 /* DCTArrayToStringValueTransformer.h in Headers */,
				24F16B421B4FD29500F0589B /* DCTColorValueTransformer.h in Headers */,
				246E12E119A93FE800780D49 /* DCTNumberToStringValueTransformer.h in Headers */,
				246E12E219A93FE800780D49 /* DCTISO8601ToDateValueTransformer.h in Headers */,
				24F16B3A1B4FCD6E00F0589B /* DCTBooleanNotValueTransformer.h in Headers */,
				246E12E319A93FE800780D49 /* DCTTimeIntervalSince1970ToDateValueTransformer.h in Headers */,
				246E12E419A93FE900780D49 /* NSValueTransformer+DCTValueTransformers.h in Headers */,
				246E12E519A93FE900780D49 /* ISO8601DateFormatter.h in Headers */,
			);
			runOnlyForDeploymentPostprocessing = 0;
		};
		246E12B619A93F6200780D49 /* Headers */ = {
			isa = PBXHeadersBuildPhase;
			buildActionMask = 2147483647;
			files = (
				246E12D619A93FC600780D49 /* DCTValueTransformers.h in Headers */,
				246E12D719A93FC600780D49 /* DCTStringToNumberValueTransformer.h in Headers */,
				246E12D819A93FC600780D49 /* DCTArrayToStringValueTransformer.h in Headers */,
				246E12D919A93FC600780D49 /* DCTNumberToStringValueTransformer.h in Headers */,
				24F16B3B1B4FCD6E00F0589B /* DCTBooleanNotValueTransformer.h in Headers */,
				24F16B431B4FD29500F0589B /* DCTColorValueTransformer.h in Headers */,
				246E12DA19A93FC600780D49 /* DCTISO8601ToDateValueTransformer.h in Headers */,
				246E12DB19A93FC600780D49 /* DCTTimeIntervalSince1970ToDateValueTransformer.h in Headers */,
				246E12DC19A93FC600780D49 /* NSValueTransformer+DCTValueTransformers.h in Headers */,
				246E12DD19A93FC600780D49 /* ISO8601DateFormatter.h in Headers */,
			);
			runOnlyForDeploymentPostprocessing = 0;
		};
		2473F3551BC869800075EA00 /* Headers */ = {
			isa = PBXHeadersBuildPhase;
			buildActionMask = 2147483647;
			files = (
				2473F3561BC869800075EA00 /* DCTValueTransformers.h in Headers */,
				2473F3571BC869800075EA00 /* DCTStringToNumberValueTransformer.h in Headers */,
				2473F3581BC869800075EA00 /* DCTArrayToStringValueTransformer.h in Headers */,
				2473F3591BC869800075EA00 /* DCTColorValueTransformer.h in Headers */,
				2473F35A1BC869800075EA00 /* DCTNumberToStringValueTransformer.h in Headers */,
				2473F35B1BC869800075EA00 /* DCTISO8601ToDateValueTransformer.h in Headers */,
				2473F35C1BC869800075EA00 /* DCTBooleanNotValueTransformer.h in Headers */,
				2473F35D1BC869800075EA00 /* DCTTimeIntervalSince1970ToDateValueTransformer.h in Headers */,
				2473F35E1BC869800075EA00 /* NSValueTransformer+DCTValueTransformers.h in Headers */,
				2473F35F1BC869800075EA00 /* ISO8601DateFormatter.h in Headers */,
			);
			runOnlyForDeploymentPostprocessing = 0;
		};
/* End PBXHeadersBuildPhase section */

/* Begin PBXNativeTarget section */
		246E129D19A93F4600780D49 /* DCTValueTransformers iOS */ = {
			isa = PBXNativeTarget;
			buildConfigurationList = 246E12AE19A93F4700780D49 /* Build configuration list for PBXNativeTarget "DCTValueTransformers iOS" */;
			buildPhases = (
				246E129919A93F4600780D49 /* Sources */,
				246E129A19A93F4600780D49 /* Frameworks */,
				246E129B19A93F4600780D49 /* Headers */,
				246E129C19A93F4600780D49 /* Resources */,
			);
			buildRules = (
			);
			dependencies = (
			);
			name = "DCTValueTransformers iOS";
			productName = "DCTValueTransformers iOS";
			productReference = 246E129E19A93F4600780D49 /* DCTValueTransformers.framework */;
			productType = "com.apple.product-type.framework";
		};
		246E12B819A93F6200780D49 /* DCTValueTransformers OS X */ = {
			isa = PBXNativeTarget;
			buildConfigurationList = 246E12C919A93F6300780D49 /* Build configuration list for PBXNativeTarget "DCTValueTransformers OS X" */;
			buildPhases = (
				246E12B419A93F6200780D49 /* Sources */,
				246E12B519A93F6200780D49 /* Frameworks */,
				246E12B619A93F6200780D49 /* Headers */,
				246E12B719A93F6200780D49 /* Resources */,
			);
			buildRules = (
			);
			dependencies = (
			);
			name = "DCTValueTransformers OS X";
			productName = "DCTValueTransformers OS X";
			productReference = 246E12B919A93F6200780D49 /* DCTValueTransformers.framework */;
			productType = "com.apple.product-type.framework";
		};
		2473F3491BC869800075EA00 /* DCTValueTransformers tvOS */ = {
			isa = PBXNativeTarget;
			buildConfigurationList = 2473F3611BC869800075EA00 /* Build configuration list for PBXNativeTarget "DCTValueTransformers tvOS" */;
			buildPhases = (
				2473F34A1BC869800075EA00 /* Sources */,
				2473F3541BC869800075EA00 /* Frameworks */,
				2473F3551BC869800075EA00 /* Headers */,
				2473F3601BC869800075EA00 /* Resources */,
			);
			buildRules = (
			);
			dependencies = (
			);
			name = "DCTValueTransformers tvOS";
			productName = "DCTValueTransformers iOS";
			productReference = 2473F3641BC869800075EA00 /* DCTValueTransformers.framework */;
			productType = "com.apple.product-type.framework";
		};
		24B0AAAE1650E524005D0D60 /* DCTValueTransformers */ = {
			isa = PBXNativeTarget;
			buildConfigurationList = 24B0AABD1650E524005D0D60 /* Build configuration list for PBXNativeTarget "DCTValueTransformers" */;
			buildPhases = (
				24B0AAAB1650E524005D0D60 /* Sources */,
				24B0AAAC1650E524005D0D60 /* Frameworks */,
				24B0AAAD1650E524005D0D60 /* CopyFiles */,
				246F9A1C1738EABB0045C5C3 /* CopyFiles */,
			);
			buildRules = (
			);
			dependencies = (
			);
			name = DCTValueTransformers;
			productName = DCTValueTransformers;
			productReference = 24B0AAAF1650E524005D0D60 /* libDCTValueTransformers.a */;
			productType = "com.apple.product-type.library.static";
		};
/* End PBXNativeTarget section */

/* Begin PBXProject section */
		24B0AAA61650E524005D0D60 /* Project object */ = {
			isa = PBXProject;
			attributes = {
				LastUpgradeCheck = 0720;
				ORGANIZATIONNAME = "Daniel Tull";
				TargetAttributes = {
					246E129D19A93F4600780D49 = {
						CreatedOnToolsVersion = 6.0;
					};
					246E12B819A93F6200780D49 = {
						CreatedOnToolsVersion = 6.0;
					};
				};
			};
			buildConfigurationList = 24B0AAA91650E524005D0D60 /* Build configuration list for PBXProject "DCTValueTransformers" */;
			compatibilityVersion = "Xcode 3.2";
			developmentRegion = English;
			hasScannedForEncodings = 0;
			knownRegions = (
				en,
			);
			mainGroup = 24B0AAA41650E524005D0D60;
			productRefGroup = 24B0AAB01650E524005D0D60 /* Products */;
			projectDirPath = "";
			projectRoot = "";
			targets = (
				24B0AAAE1650E524005D0D60 /* DCTValueTransformers */,
				246E129D19A93F4600780D49 /* DCTValueTransformers iOS */,
				246E12B819A93F6200780D49 /* DCTValueTransformers OS X */,
				2473F3491BC869800075EA00 /* DCTValueTransformers tvOS */,
			);
		};
/* End PBXProject section */

/* Begin PBXResourcesBuildPhase section */
		246E129C19A93F4600780D49 /* Resources */ = {
			isa = PBXResourcesBuildPhase;
			buildActionMask = 2147483647;
			files = (
			);
			runOnlyForDeploymentPostprocessing = 0;
		};
		246E12B719A93F6200780D49 /* Resources */ = {
			isa = PBXResourcesBuildPhase;
			buildActionMask = 2147483647;
			files = (
			);
			runOnlyForDeploymentPostprocessing = 0;
		};
		2473F3601BC869800075EA00 /* Resources */ = {
			isa = PBXResourcesBuildPhase;
			buildActionMask = 2147483647;
			files = (
			);
			runOnlyForDeploymentPostprocessing = 0;
		};
/* End PBXResourcesBuildPhase section */

/* Begin PBXSourcesBuildPhase section */
		246E129919A93F4600780D49 /* Sources */ = {
			isa = PBXSourcesBuildPhase;
			buildActionMask = 2147483647;
			files = (
				246E12E619A93FF400780D49 /* DCTStringToNumberValueTransformer.m in Sources */,
				246E12E719A93FF400780D49 /* DCTArrayToStringValueTransformer.m in Sources */,
				246E12E819A93FF400780D49 /* DCTNumberToStringValueTransformer.m in Sources */,
				24F16B451B4FD29500F0589B /* DCTColorValueTransformer.m in Sources */,
				246E12E919A93FF400780D49 /* DCTISO8601ToDateValueTransformer.m in Sources */,
				246E12EA19A93FF400780D49 /* DCTTimeIntervalSince1970ToDateValueTransformer.m in Sources */,
				246E12EB19A93FF400780D49 /* NSValueTransformer+DCTValueTransformers.m in Sources */,
				24F16B3D1B4FCD6E00F0589B /* DCTBooleanNotValueTransformer.m in Sources */,
				246E12EC19A93FF400780D49 /* ISO8601DateFormatter.m in Sources */,
			);
			runOnlyForDeploymentPostprocessing = 0;
		};
		246E12B419A93F6200780D49 /* Sources */ = {
			isa = PBXSourcesBuildPhase;
			buildActionMask = 2147483647;
			files = (
				246E12CF19A93FBA00780D49 /* DCTStringToNumberValueTransformer.m in Sources */,
				246E12D019A93FBA00780D49 /* DCTArrayToStringValueTransformer.m in Sources */,
				246E12D119A93FBA00780D49 /* DCTNumberToStringValueTransformer.m in Sources */,
				24F16B461B4FD29500F0589B /* DCTColorValueTransformer.m in Sources */,
				246E12D219A93FBA00780D49 /* DCTISO8601ToDateValueTransformer.m in Sources */,
				246E12D319A93FBA00780D49 /* DCTTimeIntervalSince1970ToDateValueTransformer.m in Sources */,
				246E12D419A93FBA00780D49 /* NSValueTransformer+DCTValueTransformers.m in Sources */,
				24F16B3E1B4FCD6E00F0589B /* DCTBooleanNotValueTransformer.m in Sources */,
				246E12D519A93FBA00780D49 /* ISO8601DateFormatter.m in Sources */,
			);
			runOnlyForDeploymentPostprocessing = 0;
		};
		2473F34A1BC869800075EA00 /* Sources */ = {
			isa = PBXSourcesBuildPhase;
			buildActionMask = 2147483647;
			files = (
				2473F34B1BC869800075EA00 /* DCTStringToNumberValueTransformer.m in Sources */,
				2473F34C1BC869800075EA00 /* DCTArrayToStringValueTransformer.m in Sources */,
				2473F34D1BC869800075EA00 /* DCTNumberToStringValueTransformer.m in Sources */,
				2473F34E1BC869800075EA00 /* DCTColorValueTransformer.m in Sources */,
				2473F34F1BC869800075EA00 /* DCTISO8601ToDateValueTransformer.m in Sources */,
				2473F3501BC869800075EA00 /* DCTTimeIntervalSince1970ToDateValueTransformer.m in Sources */,
				2473F3511BC869800075EA00 /* NSValueTransformer+DCTValueTransformers.m in Sources */,
				2473F3521BC869800075EA00 /* DCTBooleanNotValueTransformer.m in Sources */,
				2473F3531BC869800075EA00 /* ISO8601DateFormatter.m in Sources */,
			);
			runOnlyForDeploymentPostprocessing = 0;
		};
		24B0AAAB1650E524005D0D60 /* Sources */ = {
			isa = PBXSourcesBuildPhase;
			buildActionMask = 2147483647;
			files = (
				24B0AAC21650E566005D0D60 /* DCTStringToNumberValueTransformer.m in Sources */,
				24B0AAC51650E578005D0D60 /* DCTNumberToStringValueTransformer.m in Sources */,
				24B0AAC81650E597005D0D60 /* DCTISO8601ToDateValueTransformer.m in Sources */,
				24F16B441B4FD29500F0589B /* DCTColorValueTransformer.m in Sources */,
				24B0AACB1650E5E1005D0D60 /* DCTTimeIntervalSince1970ToDateValueTransformer.m in Sources */,
				24B0AACE1650E6B9005D0D60 /* NSValueTransformer+DCTValueTransformers.m in Sources */,
				24C54C5C16BFFD9D00E0ACA6 /* DCTArrayToStringValueTransformer.m in Sources */,
				24F16B3C1B4FCD6E00F0589B /* DCTBooleanNotValueTransformer.m in Sources */,
				246F9A1A1738EA750045C5C3 /* ISO8601DateFormatter.m in Sources */,
			);
			runOnlyForDeploymentPostprocessing = 0;
		};
/* End PBXSourcesBuildPhase section */

/* Begin XCBuildConfiguration section */
		246E12AF19A93F4700780D49 /* Debug */ = {
			isa = XCBuildConfiguration;
			baseConfigurationReference = 246E129319A93EDD00780D49 /* iOS Framework.xcconfig */;
			buildSettings = {
				DYLIB_COMPATIBILITY_VERSION = 1;
				DYLIB_CURRENT_VERSION = 1;
				PRODUCT_NAME = DCTValueTransformers;
			};
			name = Debug;
		};
		246E12B019A93F4700780D49 /* Release */ = {
			isa = XCBuildConfiguration;
			baseConfigurationReference = 246E129319A93EDD00780D49 /* iOS Framework.xcconfig */;
			buildSettings = {
				DYLIB_COMPATIBILITY_VERSION = 1;
				DYLIB_CURRENT_VERSION = 1;
				PRODUCT_NAME = DCTValueTransformers;
			};
			name = Release;
		};
		246E12CA19A93F6300780D49 /* Debug */ = {
			isa = XCBuildConfiguration;
			baseConfigurationReference = 246E129619A93EDD00780D49 /* OS X Framework.xcconfig */;
			buildSettings = {
				DYLIB_COMPATIBILITY_VERSION = 1;
				DYLIB_CURRENT_VERSION = 1;
				PRODUCT_NAME = DCTValueTransformers;
			};
			name = Debug;
		};
		246E12CB19A93F6300780D49 /* Release */ = {
			isa = XCBuildConfiguration;
			baseConfigurationReference = 246E129619A93EDD00780D49 /* OS X Framework.xcconfig */;
			buildSettings = {
				DYLIB_COMPATIBILITY_VERSION = 1;
				DYLIB_CURRENT_VERSION = 1;
				PRODUCT_NAME = DCTValueTransformers;
			};
			name = Release;
		};
		2473F3621BC869800075EA00 /* Debug */ = {
			isa = XCBuildConfiguration;
			baseConfigurationReference = 2473F3661BC869B20075EA00 /* tvOS Framework.xcconfig */;
			buildSettings = {
				DYLIB_COMPATIBILITY_VERSION = 1;
				DYLIB_CURRENT_VERSION = 1;
				PRODUCT_NAME = DCTValueTransformers;
			};
			name = Debug;
		};
		2473F3631BC869800075EA00 /* Release */ = {
			isa = XCBuildConfiguration;
			baseConfigurationReference = 2473F3661BC869B20075EA00 /* tvOS Framework.xcconfig */;
			buildSettings = {
				DYLIB_COMPATIBILITY_VERSION = 1;
				DYLIB_CURRENT_VERSION = 1;
				PRODUCT_NAME = DCTValueTransformers;
			};
			name = Release;
		};
		24B0AABB1650E524005D0D60 /* Debug */ = {
			isa = XCBuildConfiguration;
			baseConfigurationReference = 246E129019A93EDD00780D49 /* Debug.xcconfig */;
			buildSettings = {
				CURRENT_PROJECT_VERSION = 1;
				PRODUCT_BUNDLE_IDENTIFIER = "uk.co.danieltull.$(PRODUCT_NAME:rfc1034identifier)";
			};
			name = Debug;
		};
		24B0AABC1650E524005D0D60 /* Release */ = {
			isa = XCBuildConfiguration;
			baseConfigurationReference = 246E129719A93EDD00780D49 /* Release.xcconfig */;
			buildSettings = {
				CURRENT_PROJECT_VERSION = 1;
				PRODUCT_BUNDLE_IDENTIFIER = "uk.co.danieltull.$(PRODUCT_NAME:rfc1034identifier)";
			};
			name = Release;
		};
		24B0AABE1650E524005D0D60 /* Debug */ = {
			isa = XCBuildConfiguration;
			baseConfigurationReference = 246E129419A93EDD00780D49 /* iOS Static Library.xcconfig */;
			buildSettings = {
			};
			name = Debug;
		};
		24B0AABF1650E524005D0D60 /* Release */ = {
			isa = XCBuildConfiguration;
			baseConfigurationReference = 246E129419A93EDD00780D49 /* iOS Static Library.xcconfig */;
			buildSettings = {
			};
			name = Release;
		};
/* End XCBuildConfiguration section */

/* Begin XCConfigurationList section */
		246E12AE19A93F4700780D49 /* Build configuration list for PBXNativeTarget "DCTValueTransformers iOS" */ = {
			isa = XCConfigurationList;
			buildConfigurations = (
				246E12AF19A93F4700780D49 /* Debug */,
				246E12B019A93F4700780D49 /* Release */,
			);
			defaultConfigurationIsVisible = 0;
			defaultConfigurationName = Release;
		};
		246E12C919A93F6300780D49 /* Build configuration list for PBXNativeTarget "DCTValueTransformers OS X" */ = {
			isa = XCConfigurationList;
			buildConfigurations = (
				246E12CA19A93F6300780D49 /* Debug */,
				246E12CB19A93F6300780D49 /* Release */,
			);
			defaultConfigurationIsVisible = 0;
			defaultConfigurationName = Release;
		};
		2473F3611BC869800075EA00 /* Build configuration list for PBXNativeTarget "DCTValueTransformers tvOS" */ = {
			isa = XCConfigurationList;
			buildConfigurations = (
				2473F3621BC869800075EA00 /* Debug */,
				2473F3631BC869800075EA00 /* Release */,
			);
			defaultConfigurationIsVisible = 0;
			defaultConfigurationName = Release;
		};
		24B0AAA91650E524005D0D60 /* Build configuration list for PBXProject "DCTValueTransformers" */ = {
			isa = XCConfigurationList;
			buildConfigurations = (
				24B0AABB1650E524005D0D60 /* Debug */,
				24B0AABC1650E524005D0D60 /* Release */,
			);
			defaultConfigurationIsVisible = 0;
			defaultConfigurationName = Release;
		};
		24B0AABD1650E524005D0D60 /* Build configuration list for PBXNativeTarget "DCTValueTransformers" */ = {
			isa = XCConfigurationList;
			buildConfigurations = (
				24B0AABE1650E524005D0D60 /* Debug */,
				24B0AABF1650E524005D0D60 /* Release */,
			);
			defaultConfigurationIsVisible = 0;
			defaultConfigurationName = Release;
		};
/* End XCConfigurationList section */
	};
	rootObject = 24B0AAA61650E524005D0D60 /* Project object */;
}
